
Microsoft Visual Studio Solution File, Format Version 12.00
# Visual Studio Version 16
VisualStudioVersion = 16.0.30320.27
MinimumVisualStudioVersion = 10.0.40219.1
Project("{FAE04EC0-301F-11D3-BF4B-00C04F79EFBC}") = "Calculadora", "Calculadora.csproj", "{D1AA767B-4143-4E96-ABC2-53CF284CC831}"
EndProject
Global
	GlobalSection(SolutionConfigurationPlatforms) = preSolution
		Debug|Any CPU = Debug|Any CPU
		Release|Any CPU = Release|Any CPU
	EndGlobalSection
	GlobalSection(ProjectConfigurationPlatforms) = postSolution
		{D1AA767B-4143-4E96-ABC2-53CF284CC831}.Debug|Any CPU.ActiveCfg = Debug|Any CPU
		{D1AA767B-4143-4E96-ABC2-53CF284CC831}.Debug|Any CPU.Build.0 = Debug|Any CPU
		{D1AA767B-4143-4E96-ABC2-53CF284CC831}.Release|Any CPU.ActiveCfg = Release|Any CPU
		{D1AA767B-4143-4E96-ABC2-53CF284CC831}.Release|Any CPU.Build.0 = Release|Any CPU
	EndGlobalSection
	GlobalSection(SolutionProperties) = preSolution
		HideSolutionNode = FALSE
	EndGlobalSection
	GlobalSection(ExtensibilityGlobals) = postSolution
		SolutionGuid = {55D2B57D-6C72-471C-AA86-4CBEC2EC8464}
	EndGlobalSection
EndGlobal
